// !$*UTF8*$!
{
	archiveVersion = 1;
	classes = {
	};
	objectVersion = 56;
	objects = {

/* Begin PBXBuildFile section */
		BDCD879D2A18CBBE008203FE /* AppDelegate.swift in Sources */ = {isa = PBXBuildFile; fileRef = BDCD879C2A18CBBE008203FE /* AppDelegate.swift */; };
		BDCD879F2A18CBBE008203FE /* SceneDelegate.swift in Sources */ = {isa = PBXBuildFile; fileRef = BDCD879E2A18CBBE008203FE /* SceneDelegate.swift */; };
		BDCD87A12A18CBBE008203FE /* ViewController.swift in Sources */ = {isa = PBXBuildFile; fileRef = BDCD87A02A18CBBE008203FE /* ViewController.swift */; };
		BDCD87A42A18CBBE008203FE /* Main.storyboard in Resources */ = {isa = PBXBuildFile; fileRef = BDCD87A22A18CBBE008203FE /* Main.storyboard */; };
		BDCD87A62A18CBBE008203FE /* Assets.xcassets in Resources */ = {isa = PBXBuildFile; fileRef = BDCD87A52A18CBBE008203FE /* Assets.xcassets */; };
		BDCD87A92A18CBBE008203FE /* LaunchScreen.storyboard in Resources */ = {isa = PBXBuildFile; fileRef = BDCD87A72A18CBBE008203FE /* LaunchScreen.storyboard */; };
		BDCD87B42A18CBBE008203FE /* CounterTests.swift in Sources */ = {isa = PBXBuildFile; fileRef = BDCD87B32A18CBBE008203FE /* CounterTests.swift */; };
		BDCD87BE2A18CBBE008203FE /* CounterUITests.swift in Sources */ = {isa = PBXBuildFile; fileRef = BDCD87BD2A18CBBE008203FE /* CounterUITests.swift */; };
		BDCD87C02A18CBBE008203FE /* CounterUITestsLaunchTests.swift in Sources */ = {isa = PBXBuildFile; fileRef = BDCD87BF2A18CBBE008203FE /* CounterUITestsLaunchTests.swift */; };
/* End PBXBuildFile section */

/* Begin PBXContainerItemProxy section */
		BDCD87B02A18CBBE008203FE /* PBXContainerItemProxy */ = {
			isa = PBXContainerItemProxy;
			containerPortal = BDCD87912A18CBBE008203FE /* Project object */;
			proxyType = 1;
			remoteGlobalIDString = BDCD87982A18CBBE008203FE;
			remoteInfo = Counter;
		};
		BDCD87BA2A18CBBE008203FE /* PBXContainerItemProxy */ = {
			isa = PBXContainerItemProxy;
			containerPortal = BDCD87912A18CBBE008203FE /* Project object */;
			proxyType = 1;
			remoteGlobalIDString = BDCD87982A18CBBE008203FE;
			remoteInfo = Counter;
		};
/* End PBXContainerItemProxy section */

/* Begin PBXFileReference section */
		BDCD87992A18CBBE008203FE /* Counter.app */ = {isa = PBXFileReference; explicitFileType = wrapper.application; includeInIndex = 0; path = Counter.app; sourceTree = BUILT_PRODUCTS_DIR; };
		BDCD879C2A18CBBE008203FE /* AppDelegate.swift */ = {isa = PBXFileReference; lastKnownFileType = sourcecode.swift; path = AppDelegate.swift; sourceTree = "<group>"; };
		BDCD879E2A18CBBE008203FE /* SceneDelegate.swift */ = {isa = PBXFileReference; lastKnownFileType = sourcecode.swift; path = SceneDelegate.swift; sourceTree = "<group>"; };
		BDCD87A02A18CBBE008203FE /* ViewController.swift */ = {isa = PBXFileReference; lastKnownFileType = sourcecode.swift; path = ViewController.swift; sourceTree = "<group>"; };
		BDCD87A32A18CBBE008203FE /* Base */ = {isa = PBXFileReference; lastKnownFileType = file.storyboard; name = Base; path = Base.lproj/Main.storyboard; sourceTree = "<group>"; };
		BDCD87A52A18CBBE008203FE /* Assets.xcassets */ = {isa = PBXFileReference; lastKnownFileType = folder.assetcatalog; path = Assets.xcassets; sourceTree = "<group>"; };
		BDCD87A82A18CBBE008203FE /* Base */ = {isa = PBXFileReference; lastKnownFileType = file.storyboard; name = Base; path = Base.lproj/LaunchScreen.storyboard; sourceTree = "<group>"; };
		BDCD87AA2A18CBBE008203FE /* Info.plist */ = {isa = PBXFileReference; lastKnownFileType = text.plist.xml; path = Info.plist; sourceTree = "<group>"; };
		BDCD87AF2A18CBBE008203FE /* CounterTests.xctest */ = {isa = PBXFileReference; explicitFileType = wrapper.cfbundle; includeInIndex = 0; path = CounterTests.xctest; sourceTree = BUILT_PRODUCTS_DIR; };
		BDCD87B32A18CBBE008203FE /* CounterTests.swift */ = {isa = PBXFileReference; lastKnownFileType = sourcecode.swift; path = CounterTests.swift; sourceTree = "<group>"; };
		BDCD87B92A18CBBE008203FE /* CounterUITests.xctest */ = {isa = PBXFileReference; explicitFileType = wrapper.cfbundle; includeInIndex = 0; path = CounterUITests.xctest; sourceTree = BUILT_PRODUCTS_DIR; };
		BDCD87BD2A18CBBE008203FE /* CounterUITests.swift */ = {isa = PBXFileReference; lastKnownFileType = sourcecode.swift; path = CounterUITests.swift; sourceTree = "<group>"; };
		BDCD87BF2A18CBBE008203FE /* CounterUITestsLaunchTests.swift */ = {isa = PBXFileReference; lastKnownFileType = sourcecode.swift; path = CounterUITestsLaunchTests.swift; sourceTree = "<group>"; };
/* End PBXFileReference section */

/* Begin PBXFrameworksBuildPhase section */
		BDCD87962A18CBBE008203FE /* Frameworks */ = {
			isa = PBXFrameworksBuildPhase;
			buildActionMask = 2147483647;
			files = (
			);
			runOnlyForDeploymentPostprocessing = 0;
		};
		BDCD87AC2A18CBBE008203FE /* Frameworks */ = {
			isa = PBXFrameworksBuildPhase;
			buildActionMask = 2147483647;
			files = (
			);
			runOnlyForDeploymentPostprocessing = 0;
		};
		BDCD87B62A18CBBE008203FE /* Frameworks */ = {
			isa = PBXFrameworksBuildPhase;
			buildActionMask = 2147483647;
			files = (
			);
			runOnlyForDeploymentPostprocessing = 0;
		};
/* End PBXFrameworksBuildPhase section */

/* Begin PBXGroup section */
		BDCD87902A18CBBE008203FE = {
			isa = PBXGroup;
			children = (
				BDCD879B2A18CBBE008203FE /* Counter */,
				BDCD87B22A18CBBE008203FE /* CounterTests */,
				BDCD87BC2A18CBBE008203FE /* CounterUITests */,
				BDCD879A2A18CBBE008203FE /* Products */,
			);
			sourceTree = "<group>";
		};
		BDCD879A2A18CBBE008203FE /* Products */ = {
			isa = PBXGroup;
			children = (
				BDCD87992A18CBBE008203FE /* Counter.app */,
				BDCD87AF2A18CBBE008203FE /* CounterTests.xctest */,
				BDCD87B92A18CBBE008203FE /* CounterUITests.xctest */,
			);
			name = Products;
			sourceTree = "<group>";
		};
		BDCD879B2A18CBBE008203FE /* Counter */ = {
			isa = PBXGroup;
			children = (
				BDCD879C2A18CBBE008203FE /* AppDelegate.swift */,
				BDCD879E2A18CBBE008203FE /* SceneDelegate.swift */,
				BDCD87A02A18CBBE008203FE /* ViewController.swift */,
				BDCD87A22A18CBBE008203FE /* Main.storyboard */,
				BDCD87A52A18CBBE008203FE /* Assets.xcassets */,
				BDCD87A72A18CBBE008203FE /* LaunchScreen.storyboard */,
				BDCD87AA2A18CBBE008203FE /* Info.plist */,
			);
			path = Counter;
			sourceTree = "<group>";
		};
		BDCD87B22A18CBBE008203FE /* CounterTests */ = {
			isa = PBXGroup;
			children = (
				BDCD87B32A18CBBE008203FE /* CounterTests.swift */,
			);
			path = CounterTests;
			sourceTree = "<group>";
		};
		BDCD87BC2A18CBBE008203FE /* CounterUITests */ = {
			isa = PBXGroup;
			children = (
				BDCD87BD2A18CBBE008203FE /* CounterUITests.swift */,
				BDCD87BF2A18CBBE008203FE /* CounterUITestsLaunchTests.swift */,
			);
			path = CounterUITests;
			sourceTree = "<group>";
		};
/* End PBXGroup section */

/* Begin PBXNativeTarget section */
		BDCD87982A18CBBE008203FE /* Counter */ = {
			isa = PBXNativeTarget;
			buildConfigurationList = BDCD87C32A18CBBE008203FE /* Build configuration list for PBXNativeTarget "Counter" */;
			buildPhases = (
				BDCD87952A18CBBE008203FE /* Sources */,
				BDCD87962A18CBBE008203FE /* Frameworks */,
				BDCD87972A18CBBE008203FE /* Resources */,
			);
			buildRules = (
			);
			dependencies = (
			);
			name = Counter;
			productName = Counter;
			productReference = BDCD87992A18CBBE008203FE /* Counter.app */;
			productType = "com.apple.product-type.application";
		};
		BDCD87AE2A18CBBE008203FE /* CounterTests */ = {
			isa = PBXNativeTarget;
			buildConfigurationList = BDCD87C62A18CBBE008203FE /* Build configuration list for PBXNativeTarget "CounterTests" */;
			buildPhases = (
				BDCD87AB2A18CBBE008203FE /* Sources */,
				BDCD87AC2A18CBBE008203FE /* Frameworks */,
				BDCD87AD2A18CBBE008203FE /* Resources */,
			);
			buildRules = (
			);
			dependencies = (
				BDCD87B12A18CBBE008203FE /* PBXTargetDependency */,
			);
			name = CounterTests;
			productName = CounterTests;
			productReference = BDCD87AF2A18CBBE008203FE /* CounterTests.xctest */;
			productType = "com.apple.product-type.bundle.unit-test";
		};
		BDCD87B82A18CBBE008203FE /* CounterUITests */ = {
			isa = PBXNativeTarget;
			buildConfigurationList = BDCD87C92A18CBBE008203FE /* Build configuration list for PBXNativeTarget "CounterUITests" */;
			buildPhases = (
				BDCD87B52A18CBBE008203FE /* Sources */,
				BDCD87B62A18CBBE008203FE /* Frameworks */,
				BDCD87B72A18CBBE008203FE /* Resources */,
			);
			buildRules = (
			);
			dependencies = (
				BDCD87BB2A18CBBE008203FE /* PBXTargetDependency */,
			);
			name = CounterUITests;
			productName = CounterUITests;
			productReference = BDCD87B92A18CBBE008203FE /* CounterUITests.xctest */;
			productType = "com.apple.product-type.bundle.ui-testing";
		};
/* End PBXNativeTarget section */

/* Begin PBXProject section */
		BDCD87912A18CBBE008203FE /* Project object */ = {
			isa = PBXProject;
			attributes = {
				BuildIndependentTargetsInParallel = 1;
				LastSwiftUpdateCheck = 1430;
				LastUpgradeCheck = 1430;
				TargetAttributes = {
					BDCD87982A18CBBE008203FE = {
						CreatedOnToolsVersion = 14.3;
					};
					BDCD87AE2A18CBBE008203FE = {
						CreatedOnToolsVersion = 14.3;
						TestTargetID = BDCD87982A18CBBE008203FE;
					};
					BDCD87B82A18CBBE008203FE = {
						CreatedOnToolsVersion = 14.3;
						TestTargetID = BDCD87982A18CBBE008203FE;
					};
				};
			};
			buildConfigurationList = BDCD87942A18CBBE008203FE /* Build configuration list for PBXProject "Counter" */;
			compatibilityVersion = "Xcode 14.0";
			developmentRegion = en;
			hasScannedForEncodings = 0;
			knownRegions = (
				en,
				Base,
			);
			mainGroup = BDCD87902A18CBBE008203FE;
			productRefGroup = BDCD879A2A18CBBE008203FE /* Products */;
			projectDirPath = "";
			projectRoot = "";
			targets = (
				BDCD87982A18CBBE008203FE /* Counter */,
				BDCD87AE2A18CBBE008203FE /* CounterTests */,
				BDCD87B82A18CBBE008203FE /* CounterUITests */,
			);
		};
/* End PBXProject section */

/* Begin PBXResourcesBuildPhase section */
		BDCD87972A18CBBE008203FE /* Resources */ = {
			isa = PBXResourcesBuildPhase;
			buildActionMask = 2147483647;
			files = (
				BDCD87A92A18CBBE008203FE /* LaunchScreen.storyboard in Resources */,
				BDCD87A62A18CBBE008203FE /* Assets.xcassets in Resources */,
				BDCD87A42A18CBBE008203FE /* Main.storyboard in Resources */,
			);
			runOnlyForDeploymentPostprocessing = 0;
		};
		BDCD87AD2A18CBBE008203FE /* Resources */ = {
			isa = PBXResourcesBuildPhase;
			buildActionMask = 2147483647;
			files = (
			);
			runOnlyForDeploymentPostprocessing = 0;
		};
		BDCD87B72A18CBBE008203FE /* Resources */ = {
			isa = PBXResourcesBuildPhase;
			buildActionMask = 2147483647;
			files = (
			);
			runOnlyForDeploymentPostprocessing = 0;
		};
/* End PBXResourcesBuildPhase section */

/* Begin PBXSourcesBuildPhase section */
		BDCD87952A18CBBE008203FE /* Sources */ = {
			isa = PBXSourcesBuildPhase;
			buildActionMask = 2147483647;
			files = (
				BDCD87A12A18CBBE008203FE /* ViewController.swift in Sources */,
				BDCD879D2A18CBBE008203FE /* AppDelegate.swift in Sources */,
				BDCD879F2A18CBBE008203FE /* SceneDelegate.swift in Sources */,
			);
			runOnlyForDeploymentPostprocessing = 0;
		};
		BDCD87AB2A18CBBE008203FE /* Sources */ = {
			isa = PBXSourcesBuildPhase;
			buildActionMask = 2147483647;
			files = (
				BDCD87B42A18CBBE008203FE /* CounterTests.swift in Sources */,
			);
			runOnlyForDeploymentPostprocessing = 0;
		};
		BDCD87B52A18CBBE008203FE /* Sources */ = {
			isa = PBXSourcesBuildPhase;
			buildActionMask = 2147483647;
			files = (
				BDCD87BE2A18CBBE008203FE /* CounterUITests.swift in Sources */,
				BDCD87C02A18CBBE008203FE /* CounterUITestsLaunchTests.swift in Sources */,
			);
			runOnlyForDeploymentPostprocessing = 0;
		};
/* End PBXSourcesBuildPhase section */

/* Begin PBXTargetDependency section */
		BDCD87B12A18CBBE008203FE /* PBXTargetDependency */ = {
			isa = PBXTargetDependency;
			target = BDCD87982A18CBBE008203FE /* Counter */;
			targetProxy = BDCD87B02A18CBBE008203FE /* PBXContainerItemProxy */;
		};
		BDCD87BB2A18CBBE008203FE /* PBXTargetDependency */ = {
			isa = PBXTargetDependency;
			target = BDCD87982A18CBBE008203FE /* Counter */;
			targetProxy = BDCD87BA2A18CBBE008203FE /* PBXContainerItemProxy */;
		};
/* End PBXTargetDependency section */

/* Begin PBXVariantGroup section */
		BDCD87A22A18CBBE008203FE /* Main.storyboard */ = {
			isa = PBXVariantGroup;
			children = (
				BDCD87A32A18CBBE008203FE /* Base */,
			);
			name = Main.storyboard;
			sourceTree = "<group>";
		};
		BDCD87A72A18CBBE008203FE /* LaunchScreen.storyboard */ = {
			isa = PBXVariantGroup;
			children = (
				BDCD87A82A18CBBE008203FE /* Base */,
			);
			name = LaunchScreen.storyboard;
			sourceTree = "<group>";
		};
/* End PBXVariantGroup section */

/* Begin XCBuildConfiguration section */
		BDCD87C12A18CBBE008203FE /* Debug */ = {
			isa = XCBuildConfiguration;
			buildSettings = {
				ALWAYS_SEARCH_USER_PATHS = NO;
				CLANG_ANALYZER_NONNULL = YES;
				CLANG_ANALYZER_NUMBER_OBJECT_CONVERSION = YES_AGGRESSIVE;
				CLANG_CXX_LANGUAGE_STANDARD = "gnu++20";
				CLANG_ENABLE_MODULES = YES;
				CLANG_ENABLE_OBJC_ARC = YES;
				CLANG_ENABLE_OBJC_WEAK = YES;
				CLANG_WARN_BLOCK_CAPTURE_AUTORELEASING = YES;
				CLANG_WARN_BOOL_CONVERSION = YES;
				CLANG_WARN_COMMA = YES;
				CLANG_WARN_CONSTANT_CONVERSION = YES;
				CLANG_WARN_DEPRECATED_OBJC_IMPLEMENTATIONS = YES;
				CLANG_WARN_DIRECT_OBJC_ISA_USAGE = YES_ERROR;
				CLANG_WARN_DOCUMENTATION_COMMENTS = YES;
				CLANG_WARN_EMPTY_BODY = YES;
				CLANG_WARN_ENUM_CONVERSION = YES;
				CLANG_WARN_INFINITE_RECURSION = YES;
				CLANG_WARN_INT_CONVERSION = YES;
				CLANG_WARN_NON_LITERAL_NULL_CONVERSION = YES;
				CLANG_WARN_OBJC_IMPLICIT_RETAIN_SELF = YES;
				CLANG_WARN_OBJC_LITERAL_CONVERSION = YES;
				CLANG_WARN_OBJC_ROOT_CLASS = YES_ERROR;
				CLANG_WARN_QUOTED_INCLUDE_IN_FRAMEWORK_HEADER = YES;
				CLANG_WARN_RANGE_LOOP_ANALYSIS = YES;
				CLANG_WARN_STRICT_PROTOTYPES = YES;
				CLANG_WARN_SUSPICIOUS_MOVE = YES;
				CLANG_WARN_UNGUARDED_AVAILABILITY = YES_AGGRESSIVE;
				CLANG_WARN_UNREACHABLE_CODE = YES;
				CLANG_WARN__DUPLICATE_METHOD_MATCH = YES;
				COPY_PHASE_STRIP = NO;
				DEBUG_INFORMATION_FORMAT = dwarf;
				ENABLE_STRICT_OBJC_MSGSEND = YES;
				ENABLE_TESTABILITY = YES;
				GCC_C_LANGUAGE_STANDARD = gnu11;
				GCC_DYNAMIC_NO_PIC = NO;
				GCC_NO_COMMON_BLOCKS = YES;
				GCC_OPTIMIZATION_LEVEL = 0;
				GCC_PREPROCESSOR_DEFINITIONS = (
					"DEBUG=1",
					"$(inherited)",
				);
				GCC_WARN_64_TO_32_BIT_CONVERSION = YES;
				GCC_WARN_ABOUT_RETURN_TYPE = YES_ERROR;
				GCC_WARN_UNDECLARED_SELECTOR = YES;
				GCC_WARN_UNINITIALIZED_AUTOS = YES_AGGRESSIVE;
				GCC_WARN_UNUSED_FUNCTION = YES;
				GCC_WARN_UNUSED_VARIABLE = YES;
				IPHONEOS_DEPLOYMENT_TARGET = 16.4;
				MTL_ENABLE_DEBUG_INFO = INCLUDE_SOURCE;
				MTL_FAST_MATH = YES;
				ONLY_ACTIVE_ARCH = YES;
				SDKROOT = iphoneos;
				SWIFT_ACTIVE_COMPILATION_CONDITIONS = DEBUG;
				SWIFT_OPTIMIZATION_LEVEL = "-Onone";
			};
			name = Debug;
		};
		BDCD87C22A18CBBE008203FE /* Release */ = {
			isa = XCBuildConfiguration;
			buildSettings = {
				ALWAYS_SEARCH_USER_PATHS = NO;
				CLANG_ANALYZER_NONNULL = YES;
				CLANG_ANALYZER_NUMBER_OBJECT_CONVERSION = YES_AGGRESSIVE;
				CLANG_CXX_LANGUAGE_STANDARD = "gnu++20";
				CLANG_ENABLE_MODULES = YES;
				CLANG_ENABLE_OBJC_ARC = YES;
				CLANG_ENABLE_OBJC_WEAK = YES;
				CLANG_WARN_BLOCK_CAPTURE_AUTORELEASING = YES;
				CLANG_WARN_BOOL_CONVERSION = YES;
				CLANG_WARN_COMMA = YES;
				CLANG_WARN_CONSTANT_CONVERSION = YES;
				CLANG_WARN_DEPRECATED_OBJC_IMPLEMENTATIONS = YES;
				CLANG_WARN_DIRECT_OBJC_ISA_USAGE = YES_ERROR;
				CLANG_WARN_DOCUMENTATION_COMMENTS = YES;
				CLANG_WARN_EMPTY_BODY = YES;
				CLANG_WARN_ENUM_CONVERSION = YES;
				CLANG_WARN_INFINITE_RECURSION = YES;
				CLANG_WARN_INT_CONVERSION = YES;
				CLANG_WARN_NON_LITERAL_NULL_CONVERSION = YES;
				CLANG_WARN_OBJC_IMPLICIT_RETAIN_SELF = YES;
				CLANG_WARN_OBJC_LITERAL_CONVERSION = YES;
				CLANG_WARN_OBJC_ROOT_CLASS = YES_ERROR;
				CLANG_WARN_QUOTED_INCLUDE_IN_FRAMEWORK_HEADER = YES;
				CLANG_WARN_RANGE_LOOP_ANALYSIS = YES;
				CLANG_WARN_STRICT_PROTOTYPES = YES;
				CLANG_WARN_SUSPICIOUS_MOVE = YES;
				CLANG_WARN_UNGUARDED_AVAILABILITY = YES_AGGRESSIVE;
				CLANG_WARN_UNREACHABLE_CODE = YES;
				CLANG_WARN__DUPLICATE_METHOD_MATCH = YES;
				COPY_PHASE_STRIP = NO;
				DEBUG_INFORMATION_FORMAT = "dwarf-with-dsym";
				ENABLE_NS_ASSERTIONS = NO;
				ENABLE_STRICT_OBJC_MSGSEND = YES;
				GCC_C_LANGUAGE_STANDARD = gnu11;
				GCC_NO_COMMON_BLOCKS = YES;
				GCC_WARN_64_TO_32_BIT_CONVERSION = YES;
				GCC_WARN_ABOUT_RETURN_TYPE = YES_ERROR;
				GCC_WARN_UNDECLARED_SELECTOR = YES;
				GCC_WARN_UNINITIALIZED_AUTOS = YES_AGGRESSIVE;
				GCC_WARN_UNUSED_FUNCTION = YES;
				GCC_WARN_UNUSED_VARIABLE = YES;
				IPHONEOS_DEPLOYMENT_TARGET = 16.4;
				MTL_ENABLE_DEBUG_INFO = NO;
				MTL_FAST_MATH = YES;
				SDKROOT = iphoneos;
				SWIFT_COMPILATION_MODE = wholemodule;
				SWIFT_OPTIMIZATION_LEVEL = "-O";
				VALIDATE_PRODUCT = YES;
			};
			name = Release;
		};
		BDCD87C42A18CBBE008203FE /* Debug */ = {
			isa = XCBuildConfiguration;
			buildSettings = {
				ASSETCATALOG_COMPILER_APPICON_NAME = AppIcon;
				ASSETCATALOG_COMPILER_GLOBAL_ACCENT_COLOR_NAME = AccentColor;
				CODE_SIGN_STYLE = Automatic;
				CURRENT_PROJECT_VERSION = 1;
				DEVELOPMENT_TEAM = 753K48DWA5;
				GENERATE_INFOPLIST_FILE = YES;
				INFOPLIST_FILE = Counter/Info.plist;
				INFOPLIST_KEY_UIApplicationSupportsIndirectInputEvents = YES;
				INFOPLIST_KEY_UILaunchStoryboardName = LaunchScreen;
				INFOPLIST_KEY_UIMainStoryboardFile = Main;
				INFOPLIST_KEY_UISupportedInterfaceOrientations_iPad = "UIInterfaceOrientationPortrait UIInterfaceOrientationPortraitUpsideDown UIInterfaceOrientationLandscapeLeft UIInterfaceOrientationLandscapeRight";
				INFOPLIST_KEY_UISupportedInterfaceOrientations_iPhone = "UIInterfaceOrientationPortrait UIInterfaceOrientationLandscapeLeft UIInterfaceOrientationLandscapeRight";
				LD_RUNPATH_SEARCH_PATHS = (
					"$(inherited)",
					"@executable_path/Frameworks",
				);
				MARKETING_VERSION = 1.0;
				PRODUCT_BUNDLE_IDENTIFIER = com.proba.Counter;
				PRODUCT_NAME = "$(TARGET_NAME)";
				SWIFT_EMIT_LOC_STRINGS = YES;
				SWIFT_VERSION = 5.0;
				TARGETED_DEVICE_FAMILY = "1,2";
			};
			name = Debug;
		};
		BDCD87C52A18CBBE008203FE /* Release */ = {
			isa = XCBuildConfiguration;
			buildSettings = {
				ASSETCATALOG_COMPILER_APPICON_NAME = AppIcon;
				ASSETCATALOG_COMPILER_GLOBAL_ACCENT_COLOR_NAME = AccentColor;
				CODE_SIGN_STYLE = Automatic;
				CURRENT_PROJECT_VERSION = 1;
				DEVELOPMENT_TEAM = 753K48DWA5;
				GENERATE_INFOPLIST_FILE = YES;
				INFOPLIST_FILE = Counter/Info.plist;
				INFOPLIST_KEY_UIApplicationSupportsIndirectInputEvents = YES;
				INFOPLIST_KEY_UILaunchStoryboardName = LaunchScreen;
				INFOPLIST_KEY_UIMainStoryboardFile = Main;
				INFOPLIST_KEY_UISupportedInterfaceOrientations_iPad = "UIInterfaceOrientationPortrait UIInterfaceOrientationPortraitUpsideDown UIInterfaceOrientationLandscapeLeft UIInterfaceOrientationLandscapeRight";
				INFOPLIST_KEY_UISupportedInterfaceOrientations_iPhone = "UIInterfaceOrientationPortrait UIInterfaceOrientationLandscapeLeft UIInterfaceOrientationLandscapeRight";
				LD_RUNPATH_SEARCH_PATHS = (
					"$(inherited)",
					"@executable_path/Frameworks",
				);
				MARKETING_VERSION = 1.0;
				PRODUCT_BUNDLE_IDENTIFIER = com.proba.Counter;
				PRODUCT_NAME = "$(TARGET_NAME)";
				SWIFT_EMIT_LOC_STRINGS = YES;
				SWIFT_VERSION = 5.0;
				TARGETED_DEVICE_FAMILY = "1,2";
			};
			name = Release;
		};
		BDCD87C72A18CBBE008203FE /* Debug */ = {
			isa = XCBuildConfiguration;
			buildSettings = {
				ALWAYS_EMBED_SWIFT_STANDARD_LIBRARIES = YES;
				BUNDLE_LOADER = "$(TEST_HOST)";
				CODE_SIGN_STYLE = Automatic;
				CURRENT_PROJECT_VERSION = 1;
				DEVELOPMENT_TEAM = 753K48DWA5;
				GENERATE_INFOPLIST_FILE = YES;
				IPHONEOS_DEPLOYMENT_TARGET = 16.4;
				MARKETING_VERSION = 1.0;
				PRODUCT_BUNDLE_IDENTIFIER = com.proba.CounterTests;
				PRODUCT_NAME = "$(TARGET_NAME)";
				SWIFT_EMIT_LOC_STRINGS = NO;
				SWIFT_VERSION = 5.0;
				TARGETED_DEVICE_FAMILY = "1,2";
				TEST_HOST = "$(BUILT_PRODUCTS_DIR)/Counter.app/$(BUNDLE_EXECUTABLE_FOLDER_PATH)/Counter";
			};
			name = Debug;
		};
		BDCD87C82A18CBBE008203FE /* Release */ = {
			isa = XCBuildConfiguration;
			buildSettings = {
				ALWAYS_EMBED_SWIFT_STANDARD_LIBRARIES = YES;
				BUNDLE_LOADER = "$(TEST_HOST)";
				CODE_SIGN_STYLE = Automatic;
				CURRENT_PROJECT_VERSION = 1;
				DEVELOPMENT_TEAM = 753K48DWA5;
				GENERATE_INFOPLIST_FILE = YES;
				IPHONEOS_DEPLOYMENT_TARGET = 16.4;
				MARKETING_VERSION = 1.0;
				PRODUCT_BUNDLE_IDENTIFIER = com.proba.CounterTests;
				PRODUCT_NAME = "$(TARGET_NAME)";
				SWIFT_EMIT_LOC_STRINGS = NO;
				SWIFT_VERSION = 5.0;
				TARGETED_DEVICE_FAMILY = "1,2";
				TEST_HOST = "$(BUILT_PRODUCTS_DIR)/Counter.app/$(BUNDLE_EXECUTABLE_FOLDER_PATH)/Counter";
			};
			name = Release;
		};
		BDCD87CA2A18CBBE008203FE /* Debug */ = {
			isa = XCBuildConfiguration;
			buildSettings = {
				ALWAYS_EMBED_SWIFT_STANDARD_LIBRARIES = YES;
				CODE_SIGN_STYLE = Automatic;
				CURRENT_PROJECT_VERSION = 1;
				DEVELOPMENT_TEAM = 753K48DWA5;
				GENERATE_INFOPLIST_FILE = YES;
				MARKETING_VERSION = 1.0;
				PRODUCT_BUNDLE_IDENTIFIER = com.proba.CounterUITests;
				PRODUCT_NAME = "$(TARGET_NAME)";
				SWIFT_EMIT_LOC_STRINGS = NO;
				SWIFT_VERSION = 5.0;
				TARGETED_DEVICE_FAMILY = "1,2";
				TEST_TARGET_NAME = Counter;
			};
			name = Debug;
		};
		BDCD87CB2A18CBBE008203FE /* Release */ = {
			isa = XCBuildConfiguration;
			buildSettings = {
				ALWAYS_EMBED_SWIFT_STANDARD_LIBRARIES = YES;
				CODE_SIGN_STYLE = Automatic;
				CURRENT_PROJECT_VERSION = 1;
				DEVELOPMENT_TEAM = 753K48DWA5;
				GENERATE_INFOPLIST_FILE = YES;
				MARKETING_VERSION = 1.0;
				PRODUCT_BUNDLE_IDENTIFIER = com.proba.CounterUITests;
				PRODUCT_NAME = "$(TARGET_NAME)";
				SWIFT_EMIT_LOC_STRINGS = NO;
				SWIFT_VERSION = 5.0;
				TARGETED_DEVICE_FAMILY = "1,2";
				TEST_TARGET_NAME = Counter;
			};
			name = Release;
		};
/* End XCBuildConfiguration section */

/* Begin XCConfigurationList section */
		BDCD87942A18CBBE008203FE /* Build configuration list for PBXProject "Counter" */ = {
			isa = XCConfigurationList;
			buildConfigurations = (
				BDCD87C12A18CBBE008203FE /* Debug */,
				BDCD87C22A18CBBE008203FE /* Release */,
			);
			defaultConfigurationIsVisible = 0;
			defaultConfigurationName = Release;
		};
		BDCD87C32A18CBBE008203FE /* Build configuration list for PBXNativeTarget "Counter" */ = {
			isa = XCConfigurationList;
			buildConfigurations = (
				BDCD87C42A18CBBE008203FE /* Debug */,
				BDCD87C52A18CBBE008203FE /* Release */,
			);
			defaultConfigurationIsVisible = 0;
			defaultConfigurationName = Release;
		};
		BDCD87C62A18CBBE008203FE /* Build configuration list for PBXNativeTarget "CounterTests" */ = {
			isa = XCConfigurationList;
			buildConfigurations = (
				BDCD87C72A18CBBE008203FE /* Debug */,
				BDCD87C82A18CBBE008203FE /* Release */,
			);
			defaultConfigurationIsVisible = 0;
			defaultConfigurationName = Release;
		};
		BDCD87C92A18CBBE008203FE /* Build configuration list for PBXNativeTarget "CounterUITests" */ = {
			isa = XCConfigurationList;
			buildConfigurations = (
				BDCD87CA2A18CBBE008203FE /* Debug */,
				BDCD87CB2A18CBBE008203FE /* Release */,
			);
			defaultConfigurationIsVisible = 0;
			defaultConfigurationName = Release;
		};
/* End XCConfigurationList section */
	};
	rootObject = BDCD87912A18CBBE008203FE /* Project object */;
}
